
Microsoft Visual Studio Solution File, Format Version 12.00
# Visual Studio Version 17
VisualStudioVersion = 17.7.34031.279
MinimumVisualStudioVersion = 10.0.40219.1
Project("{9A19103F-16F7-4668-BE54-9A1E7A4F7556}") = "EventEatsQuotify", "EventEatsQuotify.csproj", "{147A4244-B450-48F4-B7E4-9EB7D333F47F}"
EndProject
Global
	GlobalSection(SolutionConfigurationPlatforms) = preSolution
		Debug|Any CPU = Debug|Any CPU
		Release|Any CPU = Release|Any CPU
	EndGlobalSection
	GlobalSection(ProjectConfigurationPlatforms) = postSolution
		{147A4244-B450-48F4-B7E4-9EB7D333F47F}.Debug|Any CPU.ActiveCfg = Debug|Any CPU
		{147A4244-B450-48F4-B7E4-9EB7D333F47F}.Debug|Any CPU.Build.0 = Debug|Any CPU
		{147A4244-B450-48F4-B7E4-9EB7D333F47F}.Release|Any CPU.ActiveCfg = Release|Any CPU
		{147A4244-B450-48F4-B7E4-9EB7D333F47F}.Release|Any CPU.Build.0 = Release|Any CPU
	EndGlobalSection
	GlobalSection(SolutionProperties) = preSolution
		HideSolutionNode = FALSE
	EndGlobalSection
	GlobalSection(ExtensibilityGlobals) = postSolution
		SolutionGuid = {4B898E47-DE01-4455-B483-E78BCD57E0F0}
	EndGlobalSection
EndGlobal
